
Microsoft Visual Studio Solution File, Format Version 12.00
# Visual Studio 15
VisualStudioVersion = 15.0.27428.2043
MinimumVisualStudioVersion = 10.0.40219.1
Project("{FAE04EC0-301F-11D3-BF4B-00C04F79EFBC}") = "Battleships", "Battleships.csproj", "{6705115C-BD6E-46D8-9D81-C961AA24C376}"
EndProject
Project("{FAE04EC0-301F-11D3-BF4B-00C04F79EFBC}") = "Server", "..\Server\Server.csproj", "{A800E5F6-320A-4A20-8D25-957352342C53}"
EndProject
Global
	GlobalSection(SolutionConfigurationPlatforms) = preSolution
		Debug|Any CPU = Debug|Any CPU
		Release|Any CPU = Release|Any CPU
	EndGlobalSection
	GlobalSection(ProjectConfigurationPlatforms) = postSolution
		{6705115C-BD6E-46D8-9D81-C961AA24C376}.Debug|Any CPU.ActiveCfg = Debug|Any CPU
		{6705115C-BD6E-46D8-9D81-C961AA24C376}.Debug|Any CPU.Build.0 = Debug|Any CPU
		{6705115C-BD6E-46D8-9D81-C961AA24C376}.Release|Any CPU.ActiveCfg = Release|Any CPU
		{6705115C-BD6E-46D8-9D81-C961AA24C376}.Release|Any CPU.Build.0 = Release|Any CPU
		{A800E5F6-320A-4A20-8D25-957352342C53}.Debug|Any CPU.ActiveCfg = Debug|Any CPU
		{A800E5F6-320A-4A20-8D25-957352342C53}.Debug|Any CPU.Build.0 = Debug|Any CPU
		{A800E5F6-320A-4A20-8D25-957352342C53}.Release|Any CPU.ActiveCfg = Release|Any CPU
		{A800E5F6-320A-4A20-8D25-957352342C53}.Release|Any CPU.Build.0 = Release|Any CPU
	EndGlobalSection
	GlobalSection(SolutionProperties) = preSolution
		HideSolutionNode = FALSE
	EndGlobalSection
	GlobalSection(ExtensibilityGlobals) = postSolution
		SolutionGuid = {1749DD43-AD6F-429E-8001-117B36D06B9B}
	EndGlobalSection
EndGlobal
